{
  "requires": true,
  "lockfileVersion": 1,
  "dependencies": {
    "flatpickr": {
      "version": "4.5.1",
      "resolved": "https://registry.npmjs.org/flatpickr/-/flatpickr-4.5.1.tgz",
      "integrity": "sha512-dsLTFmRg6mlqYfJ35A7gLlbq+8fOqRty3cWncl6rwU4pMe//i0WKxKLVyBbSYAZry93Lg+yqsOph9haltcxCqQ=="
    }
  }
}
